// !$*UTF8*$!
{
	archiveVersion = 1;
	classes = {
	};
	objectVersion = 50;
	objects = {

/* Begin PBXBuildFile section */
		594ECC9326E17B3300D96625 /* MegamilAppAdminApp.swift in Sources */ = {isa = PBXBuildFile; fileRef = 594ECC9226E17B3300D96625 /* MegamilAppAdminApp.swift */; };
		594ECC9726E17B3600D96625 /* Assets.xcassets in Resources */ = {isa = PBXBuildFile; fileRef = 594ECC9626E17B3600D96625 /* Assets.xcassets */; };
		594ECC9A26E17B3600D96625 /* Preview Assets.xcassets in Resources */ = {isa = PBXBuildFile; fileRef = 594ECC9926E17B3600D96625 /* Preview Assets.xcassets */; };
		5970212226E2C03100C60D9C /* MockFiles.swift in Sources */ = {isa = PBXBuildFile; fileRef = 5970212126E2C03100C60D9C /* MockFiles.swift */; };
		59883F19299CFB9B00A19F06 /* MockFilesKotlin.swift in Sources */ = {isa = PBXBuildFile; fileRef = 59883F18299CFB9B00A19F06 /* MockFilesKotlin.swift */; };
		59C65B8926E17FD50075D25B /* HomeView.swift in Sources */ = {isa = PBXBuildFile; fileRef = 59C65B8826E17FD50075D25B /* HomeView.swift */; };
		59C65B8C26E185EC0075D25B /* Styles.swift in Sources */ = {isa = PBXBuildFile; fileRef = 59C65B8B26E185EC0075D25B /* Styles.swift */; };
		59C65B8E26E190AC0075D25B /* Constants.swift in Sources */ = {isa = PBXBuildFile; fileRef = 59C65B8D26E190AC0075D25B /* Constants.swift */; };
		59C65B9126E195F40075D25B /* HomePresenter.swift in Sources */ = {isa = PBXBuildFile; fileRef = 59C65B9026E195F40075D25B /* HomePresenter.swift */; };
/* End PBXBuildFile section */

/* Begin PBXFileReference section */
		594ECC8F26E17B3300D96625 /* MegamilAppAdmin.app */ = {isa = PBXFileReference; explicitFileType = wrapper.application; includeInIndex = 0; path = MegamilAppAdmin.app; sourceTree = BUILT_PRODUCTS_DIR; };
		594ECC9226E17B3300D96625 /* MegamilAppAdminApp.swift */ = {isa = PBXFileReference; lastKnownFileType = sourcecode.swift; path = MegamilAppAdminApp.swift; sourceTree = "<group>"; };
		594ECC9626E17B3600D96625 /* Assets.xcassets */ = {isa = PBXFileReference; lastKnownFileType = folder.assetcatalog; path = Assets.xcassets; sourceTree = "<group>"; };
		594ECC9926E17B3600D96625 /* Preview Assets.xcassets */ = {isa = PBXFileReference; lastKnownFileType = folder.assetcatalog; path = "Preview Assets.xcassets"; sourceTree = "<group>"; };
		594ECC9B26E17B3600D96625 /* Info.plist */ = {isa = PBXFileReference; lastKnownFileType = text.plist.xml; path = Info.plist; sourceTree = "<group>"; };
		594ECC9C26E17B3600D96625 /* MegamilAppAdmin.entitlements */ = {isa = PBXFileReference; lastKnownFileType = text.plist.entitlements; path = MegamilAppAdmin.entitlements; sourceTree = "<group>"; };
		5970212126E2C03100C60D9C /* MockFiles.swift */ = {isa = PBXFileReference; lastKnownFileType = sourcecode.swift; path = MockFiles.swift; sourceTree = "<group>"; };
		59883F18299CFB9B00A19F06 /* MockFilesKotlin.swift */ = {isa = PBXFileReference; fileEncoding = 4; lastKnownFileType = sourcecode.swift; path = MockFilesKotlin.swift; sourceTree = "<group>"; };
		59C65B8826E17FD50075D25B /* HomeView.swift */ = {isa = PBXFileReference; lastKnownFileType = sourcecode.swift; path = HomeView.swift; sourceTree = "<group>"; };
		59C65B8B26E185EC0075D25B /* Styles.swift */ = {isa = PBXFileReference; lastKnownFileType = sourcecode.swift; path = Styles.swift; sourceTree = "<group>"; };
		59C65B8D26E190AC0075D25B /* Constants.swift */ = {isa = PBXFileReference; lastKnownFileType = sourcecode.swift; path = Constants.swift; sourceTree = "<group>"; };
		59C65B9026E195F40075D25B /* HomePresenter.swift */ = {isa = PBXFileReference; lastKnownFileType = sourcecode.swift; path = HomePresenter.swift; sourceTree = "<group>"; };
/* End PBXFileReference section */

/* Begin PBXFrameworksBuildPhase section */
		594ECC8C26E17B3300D96625 /* Frameworks */ = {
			isa = PBXFrameworksBuildPhase;
			buildActionMask = 2147483647;
			files = (
			);
			runOnlyForDeploymentPostprocessing = 0;
		};
/* End PBXFrameworksBuildPhase section */

/* Begin PBXGroup section */
		594ECC8626E17B3300D96625 = {
			isa = PBXGroup;
			children = (
				594ECC9126E17B3300D96625 /* MegamilAppAdmin */,
				594ECC9026E17B3300D96625 /* Products */,
			);
			sourceTree = "<group>";
		};
		594ECC9026E17B3300D96625 /* Products */ = {
			isa = PBXGroup;
			children = (
				594ECC8F26E17B3300D96625 /* MegamilAppAdmin.app */,
			);
			name = Products;
			sourceTree = "<group>";
		};
		594ECC9126E17B3300D96625 /* MegamilAppAdmin */ = {
			isa = PBXGroup;
			children = (
				59C65B8A26E185DC0075D25B /* Util */,
				594ECCA326E17F3600D96625 /* Modules */,
				594ECC9226E17B3300D96625 /* MegamilAppAdminApp.swift */,
				594ECC9626E17B3600D96625 /* Assets.xcassets */,
				594ECC9B26E17B3600D96625 /* Info.plist */,
				594ECC9C26E17B3600D96625 /* MegamilAppAdmin.entitlements */,
				594ECC9826E17B3600D96625 /* Preview Content */,
			);
			path = MegamilAppAdmin;
			sourceTree = "<group>";
		};
		594ECC9826E17B3600D96625 /* Preview Content */ = {
			isa = PBXGroup;
			children = (
				594ECC9926E17B3600D96625 /* Preview Assets.xcassets */,
			);
			path = "Preview Content";
			sourceTree = "<group>";
		};
		594ECCA326E17F3600D96625 /* Modules */ = {
			isa = PBXGroup;
			children = (
				59C65B8F26E195E30075D25B /* Presenter */,
				594ECCA426E17F7000D96625 /* View */,
			);
			path = Modules;
			sourceTree = "<group>";
		};
		594ECCA426E17F7000D96625 /* View */ = {
			isa = PBXGroup;
			children = (
				59C65B8826E17FD50075D25B /* HomeView.swift */,
			);
			path = View;
			sourceTree = "<group>";
		};
		5970212026E2C00200C60D9C /* Files */ = {
			isa = PBXGroup;
			children = (
				59883F18299CFB9B00A19F06 /* MockFilesKotlin.swift */,
				5970212126E2C03100C60D9C /* MockFiles.swift */,
			);
			path = Files;
			sourceTree = "<group>";
		};
		59C65B8A26E185DC0075D25B /* Util */ = {
			isa = PBXGroup;
			children = (
				5970212026E2C00200C60D9C /* Files */,
				59C65B8B26E185EC0075D25B /* Styles.swift */,
				59C65B8D26E190AC0075D25B /* Constants.swift */,
			);
			path = Util;
			sourceTree = "<group>";
		};
		59C65B8F26E195E30075D25B /* Presenter */ = {
			isa = PBXGroup;
			children = (
				59C65B9026E195F40075D25B /* HomePresenter.swift */,
			);
			path = Presenter;
			sourceTree = "<group>";
		};
/* End PBXGroup section */

/* Begin PBXNativeTarget section */
		594ECC8E26E17B3300D96625 /* MegamilAppAdmin */ = {
			isa = PBXNativeTarget;
			buildConfigurationList = 594ECC9F26E17B3600D96625 /* Build configuration list for PBXNativeTarget "MegamilAppAdmin" */;
			buildPhases = (
				594ECC8B26E17B3300D96625 /* Sources */,
				594ECC8C26E17B3300D96625 /* Frameworks */,
				594ECC8D26E17B3300D96625 /* Resources */,
			);
			buildRules = (
			);
			dependencies = (
			);
			name = MegamilAppAdmin;
			productName = MegamilAppAdmin;
			productReference = 594ECC8F26E17B3300D96625 /* MegamilAppAdmin.app */;
			productType = "com.apple.product-type.application";
		};
/* End PBXNativeTarget section */

/* Begin PBXProject section */
		594ECC8726E17B3300D96625 /* Project object */ = {
			isa = PBXProject;
			attributes = {
				LastSwiftUpdateCheck = 1250;
				LastUpgradeCheck = 1420;
				TargetAttributes = {
					594ECC8E26E17B3300D96625 = {
						CreatedOnToolsVersion = 12.5.1;
					};
				};
			};
			buildConfigurationList = 594ECC8A26E17B3300D96625 /* Build configuration list for PBXProject "MegamilAppAdmin" */;
			compatibilityVersion = "Xcode 9.3";
			developmentRegion = en;
			hasScannedForEncodings = 0;
			knownRegions = (
				en,
				Base,
			);
			mainGroup = 594ECC8626E17B3300D96625;
			productRefGroup = 594ECC9026E17B3300D96625 /* Products */;
			projectDirPath = "";
			projectRoot = "";
			targets = (
				594ECC8E26E17B3300D96625 /* MegamilAppAdmin */,
			);
		};
/* End PBXProject section */

/* Begin PBXResourcesBuildPhase section */
		594ECC8D26E17B3300D96625 /* Resources */ = {
			isa = PBXResourcesBuildPhase;
			buildActionMask = 2147483647;
			files = (
				594ECC9A26E17B3600D96625 /* Preview Assets.xcassets in Resources */,
				594ECC9726E17B3600D96625 /* Assets.xcassets in Resources */,
			);
			runOnlyForDeploymentPostprocessing = 0;
		};
/* End PBXResourcesBuildPhase section */

/* Begin PBXSourcesBuildPhase section */
		594ECC8B26E17B3300D96625 /* Sources */ = {
			isa = PBXSourcesBuildPhase;
			buildActionMask = 2147483647;
			files = (
				59C65B8C26E185EC0075D25B /* Styles.swift in Sources */,
				59C65B8926E17FD50075D25B /* HomeView.swift in Sources */,
				59883F19299CFB9B00A19F06 /* MockFilesKotlin.swift in Sources */,
				594ECC9326E17B3300D96625 /* MegamilAppAdminApp.swift in Sources */,
				59C65B9126E195F40075D25B /* HomePresenter.swift in Sources */,
				5970212226E2C03100C60D9C /* MockFiles.swift in Sources */,
				59C65B8E26E190AC0075D25B /* Constants.swift in Sources */,
			);
			runOnlyForDeploymentPostprocessing = 0;
		};
/* End PBXSourcesBuildPhase section */

/* Begin XCBuildConfiguration section */
		594ECC9D26E17B3600D96625 /* Debug */ = {
			isa = XCBuildConfiguration;
			buildSettings = {
				ALWAYS_SEARCH_USER_PATHS = NO;
				CLANG_ANALYZER_NONNULL = YES;
				CLANG_ANALYZER_NUMBER_OBJECT_CONVERSION = YES_AGGRESSIVE;
				CLANG_CXX_LANGUAGE_STANDARD = "gnu++14";
				CLANG_CXX_LIBRARY = "libc++";
				CLANG_ENABLE_MODULES = YES;
				CLANG_ENABLE_OBJC_ARC = YES;
				CLANG_ENABLE_OBJC_WEAK = YES;
				CLANG_WARN_BLOCK_CAPTURE_AUTORELEASING = YES;
				CLANG_WARN_BOOL_CONVERSION = YES;
				CLANG_WARN_COMMA = YES;
				CLANG_WARN_CONSTANT_CONVERSION = YES;
				CLANG_WARN_DEPRECATED_OBJC_IMPLEMENTATIONS = YES;
				CLANG_WARN_DIRECT_OBJC_ISA_USAGE = YES_ERROR;
				CLANG_WARN_DOCUMENTATION_COMMENTS = YES;
				CLANG_WARN_EMPTY_BODY = YES;
				CLANG_WARN_ENUM_CONVERSION = YES;
				CLANG_WARN_INFINITE_RECURSION = YES;
				CLANG_WARN_INT_CONVERSION = YES;
				CLANG_WARN_NON_LITERAL_NULL_CONVERSION = YES;
				CLANG_WARN_OBJC_IMPLICIT_RETAIN_SELF = YES;
				CLANG_WARN_OBJC_LITERAL_CONVERSION = YES;
				CLANG_WARN_OBJC_ROOT_CLASS = YES_ERROR;
				CLANG_WARN_QUOTED_INCLUDE_IN_FRAMEWORK_HEADER = YES;
				CLANG_WARN_RANGE_LOOP_ANALYSIS = YES;
				CLANG_WARN_STRICT_PROTOTYPES = YES;
				CLANG_WARN_SUSPICIOUS_MOVE = YES;
				CLANG_WARN_UNGUARDED_AVAILABILITY = YES_AGGRESSIVE;
				CLANG_WARN_UNREACHABLE_CODE = YES;
				CLANG_WARN__DUPLICATE_METHOD_MATCH = YES;
				COPY_PHASE_STRIP = NO;
				DEAD_CODE_STRIPPING = YES;
				DEBUG_INFORMATION_FORMAT = dwarf;
				ENABLE_STRICT_OBJC_MSGSEND = YES;
				ENABLE_TESTABILITY = YES;
				GCC_C_LANGUAGE_STANDARD = gnu11;
				GCC_DYNAMIC_NO_PIC = NO;
				GCC_NO_COMMON_BLOCKS = YES;
				GCC_OPTIMIZATION_LEVEL = 0;
				GCC_PREPROCESSOR_DEFINITIONS = (
					"DEBUG=1",
					"$(inherited)",
				);
				GCC_WARN_64_TO_32_BIT_CONVERSION = YES;
				GCC_WARN_ABOUT_RETURN_TYPE = YES_ERROR;
				GCC_WARN_UNDECLARED_SELECTOR = YES;
				GCC_WARN_UNINITIALIZED_AUTOS = YES_AGGRESSIVE;
				GCC_WARN_UNUSED_FUNCTION = YES;
				GCC_WARN_UNUSED_VARIABLE = YES;
				MACOSX_DEPLOYMENT_TARGET = 11.3;
				MTL_ENABLE_DEBUG_INFO = INCLUDE_SOURCE;
				MTL_FAST_MATH = YES;
				ONLY_ACTIVE_ARCH = YES;
				SDKROOT = macosx;
				SWIFT_ACTIVE_COMPILATION_CONDITIONS = DEBUG;
				SWIFT_OPTIMIZATION_LEVEL = "-Onone";
			};
			name = Debug;
		};
		594ECC9E26E17B3600D96625 /* Release */ = {
			isa = XCBuildConfiguration;
			buildSettings = {
				ALWAYS_SEARCH_USER_PATHS = NO;
				CLANG_ANALYZER_NONNULL = YES;
				CLANG_ANALYZER_NUMBER_OBJECT_CONVERSION = YES_AGGRESSIVE;
				CLANG_CXX_LANGUAGE_STANDARD = "gnu++14";
				CLANG_CXX_LIBRARY = "libc++";
				CLANG_ENABLE_MODULES = YES;
				CLANG_ENABLE_OBJC_ARC = YES;
				CLANG_ENABLE_OBJC_WEAK = YES;
				CLANG_WARN_BLOCK_CAPTURE_AUTORELEASING = YES;
				CLANG_WARN_BOOL_CONVERSION = YES;
				CLANG_WARN_COMMA = YES;
				CLANG_WARN_CONSTANT_CONVERSION = YES;
				CLANG_WARN_DEPRECATED_OBJC_IMPLEMENTATIONS = YES;
				CLANG_WARN_DIRECT_OBJC_ISA_USAGE = YES_ERROR;
				CLANG_WARN_DOCUMENTATION_COMMENTS = YES;
				CLANG_WARN_EMPTY_BODY = YES;
				CLANG_WARN_ENUM_CONVERSION = YES;
				CLANG_WARN_INFINITE_RECURSION = YES;
				CLANG_WARN_INT_CONVERSION = YES;
				CLANG_WARN_NON_LITERAL_NULL_CONVERSION = YES;
				CLANG_WARN_OBJC_IMPLICIT_RETAIN_SELF = YES;
				CLANG_WARN_OBJC_LITERAL_CONVERSION = YES;
				CLANG_WARN_OBJC_ROOT_CLASS = YES_ERROR;
				CLANG_WARN_QUOTED_INCLUDE_IN_FRAMEWORK_HEADER = YES;
				CLANG_WARN_RANGE_LOOP_ANALYSIS = YES;
				CLANG_WARN_STRICT_PROTOTYPES = YES;
				CLANG_WARN_SUSPICIOUS_MOVE = YES;
				CLANG_WARN_UNGUARDED_AVAILABILITY = YES_AGGRESSIVE;
				CLANG_WARN_UNREACHABLE_CODE = YES;
				CLANG_WARN__DUPLICATE_METHOD_MATCH = YES;
				COPY_PHASE_STRIP = NO;
				DEAD_CODE_STRIPPING = YES;
				DEBUG_INFORMATION_FORMAT = "dwarf-with-dsym";
				ENABLE_NS_ASSERTIONS = NO;
				ENABLE_STRICT_OBJC_MSGSEND = YES;
				GCC_C_LANGUAGE_STANDARD = gnu11;
				GCC_NO_COMMON_BLOCKS = YES;
				GCC_WARN_64_TO_32_BIT_CONVERSION = YES;
				GCC_WARN_ABOUT_RETURN_TYPE = YES_ERROR;
				GCC_WARN_UNDECLARED_SELECTOR = YES;
				GCC_WARN_UNINITIALIZED_AUTOS = YES_AGGRESSIVE;
				GCC_WARN_UNUSED_FUNCTION = YES;
				GCC_WARN_UNUSED_VARIABLE = YES;
				MACOSX_DEPLOYMENT_TARGET = 11.3;
				MTL_ENABLE_DEBUG_INFO = NO;
				MTL_FAST_MATH = YES;
				SDKROOT = macosx;
				SWIFT_COMPILATION_MODE = wholemodule;
				SWIFT_OPTIMIZATION_LEVEL = "-O";
			};
			name = Release;
		};
		594ECCA026E17B3600D96625 /* Debug */ = {
			isa = XCBuildConfiguration;
			buildSettings = {
				ASSETCATALOG_COMPILER_APPICON_NAME = AppIcon;
				ASSETCATALOG_COMPILER_GLOBAL_ACCENT_COLOR_NAME = AccentColor;
				CODE_SIGN_ENTITLEMENTS = MegamilAppAdmin/MegamilAppAdmin.entitlements;
				CODE_SIGN_IDENTITY = "-";
				CODE_SIGN_STYLE = Automatic;
				COMBINE_HIDPI_IMAGES = YES;
				DEAD_CODE_STRIPPING = YES;
				DEVELOPMENT_ASSET_PATHS = "\"MegamilAppAdmin/Preview Content\"";
				DEVELOPMENT_TEAM = 6TEU37XW47;
				ENABLE_HARDENED_RUNTIME = YES;
				ENABLE_PREVIEWS = YES;
				INFOPLIST_FILE = MegamilAppAdmin/Info.plist;
				LD_RUNPATH_SEARCH_PATHS = (
					"$(inherited)",
					"@executable_path/../Frameworks",
				);
				MACOSX_DEPLOYMENT_TARGET = 11.0;
				PRODUCT_BUNDLE_IDENTIFIER = br.com.mobmidia.Megamil.MegamilAppAdmin;
				PRODUCT_NAME = "$(TARGET_NAME)";
				SWIFT_VERSION = 5.0;
			};
			name = Debug;
		};
		594ECCA126E17B3600D96625 /* Release */ = {
			isa = XCBuildConfiguration;
			buildSettings = {
				ASSETCATALOG_COMPILER_APPICON_NAME = AppIcon;
				ASSETCATALOG_COMPILER_GLOBAL_ACCENT_COLOR_NAME = AccentColor;
				CODE_SIGN_ENTITLEMENTS = MegamilAppAdmin/MegamilAppAdmin.entitlements;
				CODE_SIGN_IDENTITY = "-";
				CODE_SIGN_STYLE = Automatic;
				COMBINE_HIDPI_IMAGES = YES;
				DEAD_CODE_STRIPPING = YES;
				DEVELOPMENT_ASSET_PATHS = "\"MegamilAppAdmin/Preview Content\"";
				DEVELOPMENT_TEAM = 6TEU37XW47;
				ENABLE_HARDENED_RUNTIME = YES;
				ENABLE_PREVIEWS = YES;
				INFOPLIST_FILE = MegamilAppAdmin/Info.plist;
				LD_RUNPATH_SEARCH_PATHS = (
					"$(inherited)",
					"@executable_path/../Frameworks",
				);
				MACOSX_DEPLOYMENT_TARGET = 11.0;
				PRODUCT_BUNDLE_IDENTIFIER = br.com.mobmidia.Megamil.MegamilAppAdmin;
				PRODUCT_NAME = "$(TARGET_NAME)";
				SWIFT_VERSION = 5.0;
			};
			name = Release;
		};
/* End XCBuildConfiguration section */

/* Begin XCConfigurationList section */
		594ECC8A26E17B3300D96625 /* Build configuration list for PBXProject "MegamilAppAdmin" */ = {
			isa = XCConfigurationList;
			buildConfigurations = (
				594ECC9D26E17B3600D96625 /* Debug */,
				594ECC9E26E17B3600D96625 /* Release */,
			);
			defaultConfigurationIsVisible = 0;
			defaultConfigurationName = Release;
		};
		594ECC9F26E17B3600D96625 /* Build configuration list for PBXNativeTarget "MegamilAppAdmin" */ = {
			isa = XCConfigurationList;
			buildConfigurations = (
				594ECCA026E17B3600D96625 /* Debug */,
				594ECCA126E17B3600D96625 /* Release */,
			);
			defaultConfigurationIsVisible = 0;
			defaultConfigurationName = Release;
		};
/* End XCConfigurationList section */
	};
	rootObject = 594ECC8726E17B3300D96625 /* Project object */;
}
